
Microsoft Visual Studio Solution File, Format Version 12.00
# Visual Studio Version 17
VisualStudioVersion = 17.2.32616.157
MinimumVisualStudioVersion = 10.0.40219.1
Project("{9A19103F-16F7-4668-BE54-9A1E7A4F7556}") = "Petroineos.PowerPosition", "Petroineos.PowerPosition\Petroineos.PowerPosition.csproj", "{3A7B97BC-A126-48B4-8052-646E55D85899}"
EndProject
Project("{9A19103F-16F7-4668-BE54-9A1E7A4F7556}") = "Petroineos.PowerPosition.Tests", "Petroineos.PowerPosition.UnitTest\Petroineos.PowerPosition.Tests.csproj", "{A5CEB5B8-9255-4AC9-935F-93891C8A1D19}"
EndProject
Global
	GlobalSection(SolutionConfigurationPlatforms) = preSolution
		Debug|Any CPU = Debug|Any CPU
		Release|Any CPU = Release|Any CPU
	EndGlobalSection
	GlobalSection(ProjectConfigurationPlatforms) = postSolution
		{3A7B97BC-A126-48B4-8052-646E55D85899}.Debug|Any CPU.ActiveCfg = Debug|Any CPU
		{3A7B97BC-A126-48B4-8052-646E55D85899}.Debug|Any CPU.Build.0 = Debug|Any CPU
		{3A7B97BC-A126-48B4-8052-646E55D85899}.Release|Any CPU.ActiveCfg = Release|Any CPU
		{3A7B97BC-A126-48B4-8052-646E55D85899}.Release|Any CPU.Build.0 = Release|Any CPU
		{A5CEB5B8-9255-4AC9-935F-93891C8A1D19}.Debug|Any CPU.ActiveCfg = Debug|Any CPU
		{A5CEB5B8-9255-4AC9-935F-93891C8A1D19}.Debug|Any CPU.Build.0 = Debug|Any CPU
		{A5CEB5B8-9255-4AC9-935F-93891C8A1D19}.Release|Any CPU.ActiveCfg = Release|Any CPU
		{A5CEB5B8-9255-4AC9-935F-93891C8A1D19}.Release|Any CPU.Build.0 = Release|Any CPU
	EndGlobalSection
	GlobalSection(SolutionProperties) = preSolution
		HideSolutionNode = FALSE
	EndGlobalSection
	GlobalSection(ExtensibilityGlobals) = postSolution
		SolutionGuid = {0BFADA7A-E0DC-4030-B2FE-78B0C278E186}
	EndGlobalSection
EndGlobal
